PODS:
  - ARCL (1.0.1)
  - LyftSDK (1.0.4):
    - LyftSDK/Core (= 1.0.4)
  - LyftSDK/Core (1.0.4)

DEPENDENCIES:
  - ARCL
  - LyftSDK

SPEC CHECKSUMS:
  ARCL: 193b108d6fd5277ce742be3af92ccf81bbdd2f3b
  LyftSDK: af4b38c913ba24df874a70e67ba387f952e49690

PODFILE CHECKSUM: 7948f7f50485823deee000cf4a5e42894e28ab53

COCOAPODS: 1.2.1
