// !$*UTF8*$!
{
	archiveVersion = 1;
	classes = {
	};
	objectVersion = 48;
	objects = {

/* Begin PBXBuildFile section */
		1C3EBBE61F7B2323003753FE /* AppDelegate.swift in Sources */ = {isa = PBXBuildFile; fileRef = 1C3EBBE51F7B2323003753FE /* AppDelegate.swift */; };
		1C3EBBE81F7B2323003753FE /* Scene.sks in Resources */ = {isa = PBXBuildFile; fileRef = 1C3EBBE71F7B2323003753FE /* Scene.sks */; };
		1C3EBBEA1F7B2323003753FE /* Scene.swift in Sources */ = {isa = PBXBuildFile; fileRef = 1C3EBBE91F7B2323003753FE /* Scene.swift */; };
		1C3EBBEC1F7B2323003753FE /* ViewController.swift in Sources */ = {isa = PBXBuildFile; fileRef = 1C3EBBEB1F7B2323003753FE /* ViewController.swift */; };
		1C3EBBEF1F7B2323003753FE /* Main.storyboard in Resources */ = {isa = PBXBuildFile; fileRef = 1C3EBBED1F7B2323003753FE /* Main.storyboard */; };
		1C3EBBF11F7B2323003753FE /* Assets.xcassets in Resources */ = {isa = PBXBuildFile; fileRef = 1C3EBBF01F7B2323003753FE /* Assets.xcassets */; };
		1C3EBBF41F7B2323003753FE /* LaunchScreen.storyboard in Resources */ = {isa = PBXBuildFile; fileRef = 1C3EBBF21F7B2323003753FE /* LaunchScreen.storyboard */; };
		798D1F884799980578D421F5 /* Pods_LyftAR.framework in Frameworks */ = {isa = PBXBuildFile; fileRef = C2BBC2032D788180EF910EB1 /* Pods_LyftAR.framework */; };
/* End PBXBuildFile section */

/* Begin PBXFileReference section */
		1C3EBBE21F7B2323003753FE /* LyftAR.app */ = {isa = PBXFileReference; explicitFileType = wrapper.application; includeInIndex = 0; path = LyftAR.app; sourceTree = BUILT_PRODUCTS_DIR; };
		1C3EBBE51F7B2323003753FE /* AppDelegate.swift */ = {isa = PBXFileReference; lastKnownFileType = sourcecode.swift; path = AppDelegate.swift; sourceTree = "<group>"; };
		1C3EBBE71F7B2323003753FE /* Scene.sks */ = {isa = PBXFileReference; lastKnownFileType = file.sks; path = Scene.sks; sourceTree = "<group>"; };
		1C3EBBE91F7B2323003753FE /* Scene.swift */ = {isa = PBXFileReference; lastKnownFileType = sourcecode.swift; path = Scene.swift; sourceTree = "<group>"; };
		1C3EBBEB1F7B2323003753FE /* ViewController.swift */ = {isa = PBXFileReference; lastKnownFileType = sourcecode.swift; path = ViewController.swift; sourceTree = "<group>"; };
		1C3EBBEE1F7B2323003753FE /* Base */ = {isa = PBXFileReference; lastKnownFileType = file.storyboard; name = Base; path = Base.lproj/Main.storyboard; sourceTree = "<group>"; };
		1C3EBBF01F7B2323003753FE /* Assets.xcassets */ = {isa = PBXFileReference; lastKnownFileType = folder.assetcatalog; path = Assets.xcassets; sourceTree = "<group>"; };
		1C3EBBF31F7B2323003753FE /* Base */ = {isa = PBXFileReference; lastKnownFileType = file.storyboard; name = Base; path = Base.lproj/LaunchScreen.storyboard; sourceTree = "<group>"; };
		1C3EBBF51F7B2323003753FE /* Info.plist */ = {isa = PBXFileReference; lastKnownFileType = text.plist.xml; path = Info.plist; sourceTree = "<group>"; };
		AE822598AB04F5862110A155 /* Pods-LyftAR.release.xcconfig */ = {isa = PBXFileReference; includeInIndex = 1; lastKnownFileType = text.xcconfig; name = "Pods-LyftAR.release.xcconfig"; path = "Pods/Target Support Files/Pods-LyftAR/Pods-LyftAR.release.xcconfig"; sourceTree = "<group>"; };
		BC7194FE1DC79134FE9E9926 /* Pods-LyftAR.debug.xcconfig */ = {isa = PBXFileReference; includeInIndex = 1; lastKnownFileType = text.xcconfig; name = "Pods-LyftAR.debug.xcconfig"; path = "Pods/Target Support Files/Pods-LyftAR/Pods-LyftAR.debug.xcconfig"; sourceTree = "<group>"; };
		C2BBC2032D788180EF910EB1 /* Pods_LyftAR.framework */ = {isa = PBXFileReference; explicitFileType = wrapper.framework; includeInIndex = 0; path = Pods_LyftAR.framework; sourceTree = BUILT_PRODUCTS_DIR; };
/* End PBXFileReference section */

/* Begin PBXFrameworksBuildPhase section */
		1C3EBBDF1F7B2323003753FE /* Frameworks */ = {
			isa = PBXFrameworksBuildPhase;
			buildActionMask = 2147483647;
			files = (
				798D1F884799980578D421F5 /* Pods_LyftAR.framework in Frameworks */,
			);
			runOnlyForDeploymentPostprocessing = 0;
		};
/* End PBXFrameworksBuildPhase section */

/* Begin PBXGroup section */
		1C3EBBD91F7B2323003753FE = {
			isa = PBXGroup;
			children = (
				1C3EBBE41F7B2323003753FE /* LyftAR */,
				1C3EBBE31F7B2323003753FE /* Products */,
				AE182F5214E6B089D676BFF2 /* Pods */,
				25FD254E92BA0DF2F5D18BDD /* Frameworks */,
			);
			sourceTree = "<group>";
		};
		1C3EBBE31F7B2323003753FE /* Products */ = {
			isa = PBXGroup;
			children = (
				1C3EBBE21F7B2323003753FE /* LyftAR.app */,
			);
			name = Products;
			sourceTree = "<group>";
		};
		1C3EBBE41F7B2323003753FE /* LyftAR */ = {
			isa = PBXGroup;
			children = (
				1C3EBBE51F7B2323003753FE /* AppDelegate.swift */,
				1C3EBBE71F7B2323003753FE /* Scene.sks */,
				1C3EBBE91F7B2323003753FE /* Scene.swift */,
				1C3EBBEB1F7B2323003753FE /* ViewController.swift */,
				1C3EBBED1F7B2323003753FE /* Main.storyboard */,
				1C3EBBF01F7B2323003753FE /* Assets.xcassets */,
				1C3EBBF21F7B2323003753FE /* LaunchScreen.storyboard */,
				1C3EBBF51F7B2323003753FE /* Info.plist */,
			);
			path = LyftAR;
			sourceTree = "<group>";
		};
		25FD254E92BA0DF2F5D18BDD /* Frameworks */ = {
			isa = PBXGroup;
			children = (
				C2BBC2032D788180EF910EB1 /* Pods_LyftAR.framework */,
			);
			name = Frameworks;
			sourceTree = "<group>";
		};
		AE182F5214E6B089D676BFF2 /* Pods */ = {
			isa = PBXGroup;
			children = (
				BC7194FE1DC79134FE9E9926 /* Pods-LyftAR.debug.xcconfig */,
				AE822598AB04F5862110A155 /* Pods-LyftAR.release.xcconfig */,
			);
			name = Pods;
			sourceTree = "<group>";
		};
/* End PBXGroup section */

/* Begin PBXNativeTarget section */
		1C3EBBE11F7B2323003753FE /* LyftAR */ = {
			isa = PBXNativeTarget;
			buildConfigurationList = 1C3EBBF81F7B2323003753FE /* Build configuration list for PBXNativeTarget "LyftAR" */;
			buildPhases = (
				E602E5808FC6214A0FCD77A6 /* [CP] Check Pods Manifest.lock */,
				1C3EBBDE1F7B2323003753FE /* Sources */,
				1C3EBBDF1F7B2323003753FE /* Frameworks */,
				1C3EBBE01F7B2323003753FE /* Resources */,
				4AAD41CEE17979E3C4BEB6EE /* [CP] Embed Pods Frameworks */,
				1539F874A8289891F18457D7 /* [CP] Copy Pods Resources */,
			);
			buildRules = (
			);
			dependencies = (
			);
			name = LyftAR;
			productName = LyftAR;
			productReference = 1C3EBBE21F7B2323003753FE /* LyftAR.app */;
			productType = "com.apple.product-type.application";
		};
/* End PBXNativeTarget section */

/* Begin PBXProject section */
		1C3EBBDA1F7B2323003753FE /* Project object */ = {
			isa = PBXProject;
			attributes = {
				LastSwiftUpdateCheck = 0900;
				LastUpgradeCheck = 0900;
				ORGANIZATIONNAME = LyftAR;
				TargetAttributes = {
					1C3EBBE11F7B2323003753FE = {
						CreatedOnToolsVersion = 9.0;
						ProvisioningStyle = Automatic;
					};
				};
			};
			buildConfigurationList = 1C3EBBDD1F7B2323003753FE /* Build configuration list for PBXProject "LyftAR" */;
			compatibilityVersion = "Xcode 8.0";
			developmentRegion = en;
			hasScannedForEncodings = 0;
			knownRegions = (
				en,
				Base,
			);
			mainGroup = 1C3EBBD91F7B2323003753FE;
			productRefGroup = 1C3EBBE31F7B2323003753FE /* Products */;
			projectDirPath = "";
			projectRoot = "";
			targets = (
				1C3EBBE11F7B2323003753FE /* LyftAR */,
			);
		};
/* End PBXProject section */

/* Begin PBXResourcesBuildPhase section */
		1C3EBBE01F7B2323003753FE /* Resources */ = {
			isa = PBXResourcesBuildPhase;
			buildActionMask = 2147483647;
			files = (
				1C3EBBE81F7B2323003753FE /* Scene.sks in Resources */,
				1C3EBBF41F7B2323003753FE /* LaunchScreen.storyboard in Resources */,
				1C3EBBF11F7B2323003753FE /* Assets.xcassets in Resources */,
				1C3EBBEF1F7B2323003753FE /* Main.storyboard in Resources */,
			);
			runOnlyForDeploymentPostprocessing = 0;
		};
/* End PBXResourcesBuildPhase section */

/* Begin PBXShellScriptBuildPhase section */
		1539F874A8289891F18457D7 /* [CP] Copy Pods Resources */ = {
			isa = PBXShellScriptBuildPhase;
			buildActionMask = 2147483647;
			files = (
			);
			inputPaths = (
			);
			name = "[CP] Copy Pods Resources";
			outputPaths = (
			);
			runOnlyForDeploymentPostprocessing = 0;
			shellPath = /bin/sh;
			shellScript = "\"${SRCROOT}/Pods/Target Support Files/Pods-LyftAR/Pods-LyftAR-resources.sh\"\n";
			showEnvVarsInLog = 0;
		};
		4AAD41CEE17979E3C4BEB6EE /* [CP] Embed Pods Frameworks */ = {
			isa = PBXShellScriptBuildPhase;
			buildActionMask = 2147483647;
			files = (
			);
			inputPaths = (
			);
			name = "[CP] Embed Pods Frameworks";
			outputPaths = (
			);
			runOnlyForDeploymentPostprocessing = 0;
			shellPath = /bin/sh;
			shellScript = "\"${SRCROOT}/Pods/Target Support Files/Pods-LyftAR/Pods-LyftAR-frameworks.sh\"\n";
			showEnvVarsInLog = 0;
		};
		E602E5808FC6214A0FCD77A6 /* [CP] Check Pods Manifest.lock */ = {
			isa = PBXShellScriptBuildPhase;
			buildActionMask = 2147483647;
			files = (
			);
			inputPaths = (
			);
			name = "[CP] Check Pods Manifest.lock";
			outputPaths = (
			);
			runOnlyForDeploymentPostprocessing = 0;
			shellPath = /bin/sh;
			shellScript = "diff \"${PODS_PODFILE_DIR_PATH}/Podfile.lock\" \"${PODS_ROOT}/Manifest.lock\" > /dev/null\nif [ $? != 0 ] ; then\n    # print error to STDERR\n    echo \"error: The sandbox is not in sync with the Podfile.lock. Run 'pod install' or update your CocoaPods installation.\" >&2\n    exit 1\nfi\n";
			showEnvVarsInLog = 0;
		};
/* End PBXShellScriptBuildPhase section */

/* Begin PBXSourcesBuildPhase section */
		1C3EBBDE1F7B2323003753FE /* Sources */ = {
			isa = PBXSourcesBuildPhase;
			buildActionMask = 2147483647;
			files = (
				1C3EBBEC1F7B2323003753FE /* ViewController.swift in Sources */,
				1C3EBBEA1F7B2323003753FE /* Scene.swift in Sources */,
				1C3EBBE61F7B2323003753FE /* AppDelegate.swift in Sources */,
			);
			runOnlyForDeploymentPostprocessing = 0;
		};
/* End PBXSourcesBuildPhase section */

/* Begin PBXVariantGroup section */
		1C3EBBED1F7B2323003753FE /* Main.storyboard */ = {
			isa = PBXVariantGroup;
			children = (
				1C3EBBEE1F7B2323003753FE /* Base */,
			);
			name = Main.storyboard;
			sourceTree = "<group>";
		};
		1C3EBBF21F7B2323003753FE /* LaunchScreen.storyboard */ = {
			isa = PBXVariantGroup;
			children = (
				1C3EBBF31F7B2323003753FE /* Base */,
			);
			name = LaunchScreen.storyboard;
			sourceTree = "<group>";
		};
/* End PBXVariantGroup section */

/* Begin XCBuildConfiguration section */
		1C3EBBF61F7B2323003753FE /* Debug */ = {
			isa = XCBuildConfiguration;
			buildSettings = {
				ALWAYS_SEARCH_USER_PATHS = NO;
				CLANG_ANALYZER_NONNULL = YES;
				CLANG_ANALYZER_NUMBER_OBJECT_CONVERSION = YES_AGGRESSIVE;
				CLANG_CXX_LANGUAGE_STANDARD = "gnu++14";
				CLANG_CXX_LIBRARY = "libc++";
				CLANG_ENABLE_MODULES = YES;
				CLANG_ENABLE_OBJC_ARC = YES;
				CLANG_WARN_BLOCK_CAPTURE_AUTORELEASING = YES;
				CLANG_WARN_BOOL_CONVERSION = YES;
				CLANG_WARN_COMMA = YES;
				CLANG_WARN_CONSTANT_CONVERSION = YES;
				CLANG_WARN_DIRECT_OBJC_ISA_USAGE = YES_ERROR;
				CLANG_WARN_DOCUMENTATION_COMMENTS = YES;
				CLANG_WARN_EMPTY_BODY = YES;
				CLANG_WARN_ENUM_CONVERSION = YES;
				CLANG_WARN_INFINITE_RECURSION = YES;
				CLANG_WARN_INT_CONVERSION = YES;
				CLANG_WARN_NON_LITERAL_NULL_CONVERSION = YES;
				CLANG_WARN_OBJC_LITERAL_CONVERSION = YES;
				CLANG_WARN_OBJC_ROOT_CLASS = YES_ERROR;
				CLANG_WARN_RANGE_LOOP_ANALYSIS = YES;
				CLANG_WARN_STRICT_PROTOTYPES = YES;
				CLANG_WARN_SUSPICIOUS_MOVE = YES;
				CLANG_WARN_UNGUARDED_AVAILABILITY = YES_AGGRESSIVE;
				CLANG_WARN_UNREACHABLE_CODE = YES;
				CLANG_WARN__DUPLICATE_METHOD_MATCH = YES;
				CODE_SIGN_IDENTITY = "iPhone Developer";
				COPY_PHASE_STRIP = NO;
				DEBUG_INFORMATION_FORMAT = dwarf;
				ENABLE_STRICT_OBJC_MSGSEND = YES;
				ENABLE_TESTABILITY = YES;
				GCC_C_LANGUAGE_STANDARD = gnu11;
				GCC_DYNAMIC_NO_PIC = NO;
				GCC_NO_COMMON_BLOCKS = YES;
				GCC_OPTIMIZATION_LEVEL = 0;
				GCC_PREPROCESSOR_DEFINITIONS = (
					"DEBUG=1",
					"$(inherited)",
				);
				GCC_WARN_64_TO_32_BIT_CONVERSION = YES;
				GCC_WARN_ABOUT_RETURN_TYPE = YES_ERROR;
				GCC_WARN_UNDECLARED_SELECTOR = YES;
				GCC_WARN_UNINITIALIZED_AUTOS = YES_AGGRESSIVE;
				GCC_WARN_UNUSED_FUNCTION = YES;
				GCC_WARN_UNUSED_VARIABLE = YES;
				IPHONEOS_DEPLOYMENT_TARGET = 11.0;
				MTL_ENABLE_DEBUG_INFO = YES;
				ONLY_ACTIVE_ARCH = YES;
				SDKROOT = iphoneos;
				SWIFT_ACTIVE_COMPILATION_CONDITIONS = DEBUG;
				SWIFT_OPTIMIZATION_LEVEL = "-Onone";
			};
			name = Debug;
		};
		1C3EBBF71F7B2323003753FE /* Release */ = {
			isa = XCBuildConfiguration;
			buildSettings = {
				ALWAYS_SEARCH_USER_PATHS = NO;
				CLANG_ANALYZER_NONNULL = YES;
				CLANG_ANALYZER_NUMBER_OBJECT_CONVERSION = YES_AGGRESSIVE;
				CLANG_CXX_LANGUAGE_STANDARD = "gnu++14";
				CLANG_CXX_LIBRARY = "libc++";
				CLANG_ENABLE_MODULES = YES;
				CLANG_ENABLE_OBJC_ARC = YES;
				CLANG_WARN_BLOCK_CAPTURE_AUTORELEASING = YES;
				CLANG_WARN_BOOL_CONVERSION = YES;
				CLANG_WARN_COMMA = YES;
				CLANG_WARN_CONSTANT_CONVERSION = YES;
				CLANG_WARN_DIRECT_OBJC_ISA_USAGE = YES_ERROR;
				CLANG_WARN_DOCUMENTATION_COMMENTS = YES;
				CLANG_WARN_EMPTY_BODY = YES;
				CLANG_WARN_ENUM_CONVERSION = YES;
				CLANG_WARN_INFINITE_RECURSION = YES;
				CLANG_WARN_INT_CONVERSION = YES;
				CLANG_WARN_NON_LITERAL_NULL_CONVERSION = YES;
				CLANG_WARN_OBJC_LITERAL_CONVERSION = YES;
				CLANG_WARN_OBJC_ROOT_CLASS = YES_ERROR;
				CLANG_WARN_RANGE_LOOP_ANALYSIS = YES;
				CLANG_WARN_STRICT_PROTOTYPES = YES;
				CLANG_WARN_SUSPICIOUS_MOVE = YES;
				CLANG_WARN_UNGUARDED_AVAILABILITY = YES_AGGRESSIVE;
				CLANG_WARN_UNREACHABLE_CODE = YES;
				CLANG_WARN__DUPLICATE_METHOD_MATCH = YES;
				CODE_SIGN_IDENTITY = "iPhone Developer";
				COPY_PHASE_STRIP = NO;
				DEBUG_INFORMATION_FORMAT = "dwarf-with-dsym";
				ENABLE_NS_ASSERTIONS = NO;
				ENABLE_STRICT_OBJC_MSGSEND = YES;
				GCC_C_LANGUAGE_STANDARD = gnu11;
				GCC_NO_COMMON_BLOCKS = YES;
				GCC_WARN_64_TO_32_BIT_CONVERSION = YES;
				GCC_WARN_ABOUT_RETURN_TYPE = YES_ERROR;
				GCC_WARN_UNDECLARED_SELECTOR = YES;
				GCC_WARN_UNINITIALIZED_AUTOS = YES_AGGRESSIVE;
				GCC_WARN_UNUSED_FUNCTION = YES;
				GCC_WARN_UNUSED_VARIABLE = YES;
				IPHONEOS_DEPLOYMENT_TARGET = 11.0;
				MTL_ENABLE_DEBUG_INFO = NO;
				SDKROOT = iphoneos;
				SWIFT_OPTIMIZATION_LEVEL = "-Owholemodule";
				VALIDATE_PRODUCT = YES;
			};
			name = Release;
		};
		1C3EBBF91F7B2323003753FE /* Debug */ = {
			isa = XCBuildConfiguration;
			baseConfigurationReference = BC7194FE1DC79134FE9E9926 /* Pods-LyftAR.debug.xcconfig */;
			buildSettings = {
				ASSETCATALOG_COMPILER_APPICON_NAME = AppIcon;
				CODE_SIGN_STYLE = Automatic;
				DEVELOPMENT_TEAM = YTYUD7N245;
				INFOPLIST_FILE = LyftAR/Info.plist;
				LD_RUNPATH_SEARCH_PATHS = "$(inherited) @executable_path/Frameworks";
				PRODUCT_BUNDLE_IDENTIFIER = get.LyftAR;
				PRODUCT_NAME = "$(TARGET_NAME)";
				SWIFT_VERSION = 4.0;
				TARGETED_DEVICE_FAMILY = "1,2";
			};
			name = Debug;
		};
		1C3EBBFA1F7B2323003753FE /* Release */ = {
			isa = XCBuildConfiguration;
			baseConfigurationReference = AE822598AB04F5862110A155 /* Pods-LyftAR.release.xcconfig */;
			buildSettings = {
				ASSETCATALOG_COMPILER_APPICON_NAME = AppIcon;
				CODE_SIGN_STYLE = Automatic;
				DEVELOPMENT_TEAM = YTYUD7N245;
				INFOPLIST_FILE = LyftAR/Info.plist;
				LD_RUNPATH_SEARCH_PATHS = "$(inherited) @executable_path/Frameworks";
				PRODUCT_BUNDLE_IDENTIFIER = get.LyftAR;
				PRODUCT_NAME = "$(TARGET_NAME)";
				SWIFT_VERSION = 4.0;
				TARGETED_DEVICE_FAMILY = "1,2";
			};
			name = Release;
		};
/* End XCBuildConfiguration section */

/* Begin XCConfigurationList section */
		1C3EBBDD1F7B2323003753FE /* Build configuration list for PBXProject "LyftAR" */ = {
			isa = XCConfigurationList;
			buildConfigurations = (
				1C3EBBF61F7B2323003753FE /* Debug */,
				1C3EBBF71F7B2323003753FE /* Release */,
			);
			defaultConfigurationIsVisible = 0;
			defaultConfigurationName = Release;
		};
		1C3EBBF81F7B2323003753FE /* Build configuration list for PBXNativeTarget "LyftAR" */ = {
			isa = XCConfigurationList;
			buildConfigurations = (
				1C3EBBF91F7B2323003753FE /* Debug */,
				1C3EBBFA1F7B2323003753FE /* Release */,
			);
			defaultConfigurationIsVisible = 0;
			defaultConfigurationName = Release;
		};
/* End XCConfigurationList section */
	};
	rootObject = 1C3EBBDA1F7B2323003753FE /* Project object */;
}
